
Microsoft Visual Studio Solution File, Format Version 12.00
# Visual Studio Version 17
VisualStudioVersion = 17.6.33829.357
MinimumVisualStudioVersion = 10.0.40219.1
Project("{FAE04EC0-301F-11D3-BF4B-00C04F79EFBC}") = "WinFormsApp1", "WinFormsApp1\WinFormsApp1.csproj", "{83023D68-2EEA-47BD-A537-4D2BDC02D33E}"
EndProject
Project("{2150E333-8FDC-42A3-9474-1A3956D46DE8}") = "Models", "Models", "{5445621A-74A1-4C1C-8FE9-00C75D496616}"
	ProjectSection(SolutionItems) = preProject
		Lecture.cs = Lecture.cs
		Researcher.cs = Researcher.cs
		Student.cs = Student.cs
	EndProjectSection
EndProject
Global
	GlobalSection(SolutionConfigurationPlatforms) = preSolution
		Debug|Any CPU = Debug|Any CPU
		Release|Any CPU = Release|Any CPU
	EndGlobalSection
	GlobalSection(ProjectConfigurationPlatforms) = postSolution
		{83023D68-2EEA-47BD-A537-4D2BDC02D33E}.Debug|Any CPU.ActiveCfg = Debug|Any CPU
		{83023D68-2EEA-47BD-A537-4D2BDC02D33E}.Debug|Any CPU.Build.0 = Debug|Any CPU
		{83023D68-2EEA-47BD-A537-4D2BDC02D33E}.Release|Any CPU.ActiveCfg = Release|Any CPU
		{83023D68-2EEA-47BD-A537-4D2BDC02D33E}.Release|Any CPU.Build.0 = Release|Any CPU
	EndGlobalSection
	GlobalSection(SolutionProperties) = preSolution
		HideSolutionNode = FALSE
	EndGlobalSection
	GlobalSection(ExtensibilityGlobals) = postSolution
		SolutionGuid = {44F6D6C0-0759-4B43-9617-C7B2FA2E5948}
	EndGlobalSection
EndGlobal
